// !$*UTF8*$!
{
	archiveVersion = 1;
	classes = {
	};
	objectVersion = 51;
	objects = {

/* Begin PBXBuildFile section */
		4418A8CF567719439F07FE63 /* Pods_Demo.framework in Frameworks */ = {isa = PBXBuildFile; fileRef = BC003608AB3AD48329FD3D8D /* Pods_Demo.framework */; };
		9B7B2B122513331F000913D7 /* AppDelegate.swift in Sources */ = {isa = PBXBuildFile; fileRef = 9B7B2B112513331F000913D7 /* AppDelegate.swift */; };
		9B7B2B162513331F000913D7 /* HorizontalViewController.swift in Sources */ = {isa = PBXBuildFile; fileRef = 9B7B2B152513331F000913D7 /* HorizontalViewController.swift */; };
		9B7B2B192513331F000913D7 /* Main.storyboard in Resources */ = {isa = PBXBuildFile; fileRef = 9B7B2B172513331F000913D7 /* Main.storyboard */; };
		9B7B2B1B25133320000913D7 /* Assets.xcassets in Resources */ = {isa = PBXBuildFile; fileRef = 9B7B2B1A25133320000913D7 /* Assets.xcassets */; };
		9B7B2B1E25133320000913D7 /* LaunchScreen.storyboard in Resources */ = {isa = PBXBuildFile; fileRef = 9B7B2B1C25133320000913D7 /* LaunchScreen.storyboard */; };
		9B7B2B2825133CB1000913D7 /* VerticalViewController.swift in Sources */ = {isa = PBXBuildFile; fileRef = 9B7B2B2725133CB1000913D7 /* VerticalViewController.swift */; };
		9B7B2B2A25135ED0000913D7 /* HorizontalFixedViewController.swift in Sources */ = {isa = PBXBuildFile; fileRef = 9B7B2B2925135ED0000913D7 /* HorizontalFixedViewController.swift */; };
		9B7B2B2C25135EF1000913D7 /* VerticalFixedViewController.swift in Sources */ = {isa = PBXBuildFile; fileRef = 9B7B2B2B25135EF1000913D7 /* VerticalFixedViewController.swift */; };
		9B7B2B2E2513619D000913D7 /* HorizontalVerticalViewController.swift in Sources */ = {isa = PBXBuildFile; fileRef = 9B7B2B2D2513619D000913D7 /* HorizontalVerticalViewController.swift */; };
		9B7B2B30251361AB000913D7 /* VerticalHorizontalViewController.swift in Sources */ = {isa = PBXBuildFile; fileRef = 9B7B2B2F251361AB000913D7 /* VerticalHorizontalViewController.swift */; };
		9BF8CF7225149CE6005D22E7 /* SpacingViewController.swift in Sources */ = {isa = PBXBuildFile; fileRef = 9BF8CF7125149CE6005D22E7 /* SpacingViewController.swift */; };
		9BF8CF742514A12E005D22E7 /* ComplexViewController.swift in Sources */ = {isa = PBXBuildFile; fileRef = 9BF8CF732514A12E005D22E7 /* ComplexViewController.swift */; };
		9BF8CF762514A183005D22E7 /* AlignmentViewController.swift in Sources */ = {isa = PBXBuildFile; fileRef = 9BF8CF752514A183005D22E7 /* AlignmentViewController.swift */; };
		9BF8CF782514A733005D22E7 /* VideoPlayerView.swift in Sources */ = {isa = PBXBuildFile; fileRef = 9BF8CF772514A733005D22E7 /* VideoPlayerView.swift */; };
/* End PBXBuildFile section */

/* Begin PBXFileReference section */
		3687EE6E5766A7E46AC35D78 /* Pods-Demo.release.xcconfig */ = {isa = PBXFileReference; includeInIndex = 1; lastKnownFileType = text.xcconfig; name = "Pods-Demo.release.xcconfig"; path = "Target Support Files/Pods-Demo/Pods-Demo.release.xcconfig"; sourceTree = "<group>"; };
		3DDB2772E10CBB105F694C0B /* Pods-Demo.debug.xcconfig */ = {isa = PBXFileReference; includeInIndex = 1; lastKnownFileType = text.xcconfig; name = "Pods-Demo.debug.xcconfig"; path = "Target Support Files/Pods-Demo/Pods-Demo.debug.xcconfig"; sourceTree = "<group>"; };
		9B7B2B0E2513331F000913D7 /* Demo.app */ = {isa = PBXFileReference; explicitFileType = wrapper.application; includeInIndex = 0; path = Demo.app; sourceTree = BUILT_PRODUCTS_DIR; };
		9B7B2B112513331F000913D7 /* AppDelegate.swift */ = {isa = PBXFileReference; lastKnownFileType = sourcecode.swift; path = AppDelegate.swift; sourceTree = "<group>"; };
		9B7B2B152513331F000913D7 /* HorizontalViewController.swift */ = {isa = PBXFileReference; lastKnownFileType = sourcecode.swift; path = HorizontalViewController.swift; sourceTree = "<group>"; };
		9B7B2B182513331F000913D7 /* Base */ = {isa = PBXFileReference; lastKnownFileType = file.storyboard; name = Base; path = Base.lproj/Main.storyboard; sourceTree = "<group>"; };
		9B7B2B1A25133320000913D7 /* Assets.xcassets */ = {isa = PBXFileReference; lastKnownFileType = folder.assetcatalog; path = Assets.xcassets; sourceTree = "<group>"; };
		9B7B2B1D25133320000913D7 /* Base */ = {isa = PBXFileReference; lastKnownFileType = file.storyboard; name = Base; path = Base.lproj/LaunchScreen.storyboard; sourceTree = "<group>"; };
		9B7B2B1F25133320000913D7 /* Info.plist */ = {isa = PBXFileReference; lastKnownFileType = text.plist.xml; path = Info.plist; sourceTree = "<group>"; };
		9B7B2B2725133CB1000913D7 /* VerticalViewController.swift */ = {isa = PBXFileReference; lastKnownFileType = sourcecode.swift; path = VerticalViewController.swift; sourceTree = "<group>"; };
		9B7B2B2925135ED0000913D7 /* HorizontalFixedViewController.swift */ = {isa = PBXFileReference; lastKnownFileType = sourcecode.swift; path = HorizontalFixedViewController.swift; sourceTree = "<group>"; };
		9B7B2B2B25135EF1000913D7 /* VerticalFixedViewController.swift */ = {isa = PBXFileReference; lastKnownFileType = sourcecode.swift; path = VerticalFixedViewController.swift; sourceTree = "<group>"; };
		9B7B2B2D2513619D000913D7 /* HorizontalVerticalViewController.swift */ = {isa = PBXFileReference; lastKnownFileType = sourcecode.swift; path = HorizontalVerticalViewController.swift; sourceTree = "<group>"; };
		9B7B2B2F251361AB000913D7 /* VerticalHorizontalViewController.swift */ = {isa = PBXFileReference; lastKnownFileType = sourcecode.swift; path = VerticalHorizontalViewController.swift; sourceTree = "<group>"; };
		9BF8CF7125149CE6005D22E7 /* SpacingViewController.swift */ = {isa = PBXFileReference; lastKnownFileType = sourcecode.swift; path = SpacingViewController.swift; sourceTree = "<group>"; };
		9BF8CF732514A12E005D22E7 /* ComplexViewController.swift */ = {isa = PBXFileReference; lastKnownFileType = sourcecode.swift; path = ComplexViewController.swift; sourceTree = "<group>"; };
		9BF8CF752514A183005D22E7 /* AlignmentViewController.swift */ = {isa = PBXFileReference; lastKnownFileType = sourcecode.swift; path = AlignmentViewController.swift; sourceTree = "<group>"; };
		9BF8CF772514A733005D22E7 /* VideoPlayerView.swift */ = {isa = PBXFileReference; lastKnownFileType = sourcecode.swift; path = VideoPlayerView.swift; sourceTree = "<group>"; };
		BC003608AB3AD48329FD3D8D /* Pods_Demo.framework */ = {isa = PBXFileReference; explicitFileType = wrapper.framework; includeInIndex = 0; path = Pods_Demo.framework; sourceTree = BUILT_PRODUCTS_DIR; };
/* End PBXFileReference section */

/* Begin PBXFrameworksBuildPhase section */
		9B7B2B0B2513331F000913D7 /* Frameworks */ = {
			isa = PBXFrameworksBuildPhase;
			buildActionMask = 2147483647;
			files = (
				4418A8CF567719439F07FE63 /* Pods_Demo.framework in Frameworks */,
			);
			runOnlyForDeploymentPostprocessing = 0;
		};
/* End PBXFrameworksBuildPhase section */

/* Begin PBXGroup section */
		2DD5A997F3646A9E57A08539 /* Frameworks */ = {
			isa = PBXGroup;
			children = (
				BC003608AB3AD48329FD3D8D /* Pods_Demo.framework */,
			);
			name = Frameworks;
			sourceTree = "<group>";
		};
		51F3CE8BFC146A424582D430 /* Pods */ = {
			isa = PBXGroup;
			children = (
				3DDB2772E10CBB105F694C0B /* Pods-Demo.debug.xcconfig */,
				3687EE6E5766A7E46AC35D78 /* Pods-Demo.release.xcconfig */,
			);
			path = Pods;
			sourceTree = "<group>";
		};
		9B7B2B052513331F000913D7 = {
			isa = PBXGroup;
			children = (
				9B7B2B102513331F000913D7 /* Demo */,
				9B7B2B0F2513331F000913D7 /* Products */,
				51F3CE8BFC146A424582D430 /* Pods */,
				2DD5A997F3646A9E57A08539 /* Frameworks */,
			);
			sourceTree = "<group>";
		};
		9B7B2B0F2513331F000913D7 /* Products */ = {
			isa = PBXGroup;
			children = (
				9B7B2B0E2513331F000913D7 /* Demo.app */,
			);
			name = Products;
			sourceTree = "<group>";
		};
		9B7B2B102513331F000913D7 /* Demo */ = {
			isa = PBXGroup;
			children = (
				9B7B2B112513331F000913D7 /* AppDelegate.swift */,
				9B7B2B152513331F000913D7 /* HorizontalViewController.swift */,
				9B7B2B2725133CB1000913D7 /* VerticalViewController.swift */,
				9B7B2B2925135ED0000913D7 /* HorizontalFixedViewController.swift */,
				9B7B2B2B25135EF1000913D7 /* VerticalFixedViewController.swift */,
				9B7B2B2D2513619D000913D7 /* HorizontalVerticalViewController.swift */,
				9B7B2B2F251361AB000913D7 /* VerticalHorizontalViewController.swift */,
				9BF8CF7125149CE6005D22E7 /* SpacingViewController.swift */,
				9BF8CF752514A183005D22E7 /* AlignmentViewController.swift */,
				9BF8CF732514A12E005D22E7 /* ComplexViewController.swift */,
				9B7B2B172513331F000913D7 /* Main.storyboard */,
				9B7B2B1A25133320000913D7 /* Assets.xcassets */,
				9B7B2B1C25133320000913D7 /* LaunchScreen.storyboard */,
				9B7B2B1F25133320000913D7 /* Info.plist */,
				9BF8CF772514A733005D22E7 /* VideoPlayerView.swift */,
			);
			path = Demo;
			sourceTree = "<group>";
		};
/* End PBXGroup section */

/* Begin PBXNativeTarget section */
		9B7B2B0D2513331F000913D7 /* Demo */ = {
			isa = PBXNativeTarget;
			buildConfigurationList = 9B7B2B2225133320000913D7 /* Build configuration list for PBXNativeTarget "Demo" */;
			buildPhases = (
				6927061707DC31DAC1C85AE2 /* [CP] Check Pods Manifest.lock */,
				9B7B2B0A2513331F000913D7 /* Sources */,
				9B7B2B0B2513331F000913D7 /* Frameworks */,
				9B7B2B0C2513331F000913D7 /* Resources */,
				CF6D04FA3060C45B69C2AEEC /* [CP] Embed Pods Frameworks */,
			);
			buildRules = (
			);
			dependencies = (
			);
			name = Demo;
			productName = Demo;
			productReference = 9B7B2B0E2513331F000913D7 /* Demo.app */;
			productType = "com.apple.product-type.application";
		};
/* End PBXNativeTarget section */

/* Begin PBXProject section */
		9B7B2B062513331F000913D7 /* Project object */ = {
			isa = PBXProject;
			attributes = {
				LastSwiftUpdateCheck = 1170;
				LastUpgradeCheck = 1170;
				ORGANIZATIONNAME = Lee;
				TargetAttributes = {
					9B7B2B0D2513331F000913D7 = {
						CreatedOnToolsVersion = 11.7;
					};
				};
			};
			buildConfigurationList = 9B7B2B092513331F000913D7 /* Build configuration list for PBXProject "Demo" */;
			compatibilityVersion = "Xcode 9.3";
			developmentRegion = en;
			hasScannedForEncodings = 0;
			knownRegions = (
				en,
				Base,
			);
			mainGroup = 9B7B2B052513331F000913D7;
			productRefGroup = 9B7B2B0F2513331F000913D7 /* Products */;
			projectDirPath = "";
			projectRoot = "";
			targets = (
				9B7B2B0D2513331F000913D7 /* Demo */,
			);
		};
/* End PBXProject section */

/* Begin PBXResourcesBuildPhase section */
		9B7B2B0C2513331F000913D7 /* Resources */ = {
			isa = PBXResourcesBuildPhase;
			buildActionMask = 2147483647;
			files = (
				9B7B2B1E25133320000913D7 /* LaunchScreen.storyboard in Resources */,
				9B7B2B1B25133320000913D7 /* Assets.xcassets in Resources */,
				9B7B2B192513331F000913D7 /* Main.storyboard in Resources */,
			);
			runOnlyForDeploymentPostprocessing = 0;
		};
/* End PBXResourcesBuildPhase section */

/* Begin PBXShellScriptBuildPhase section */
		6927061707DC31DAC1C85AE2 /* [CP] Check Pods Manifest.lock */ = {
			isa = PBXShellScriptBuildPhase;
			buildActionMask = 2147483647;
			files = (
			);
			inputFileListPaths = (
			);
			inputPaths = (
				"${PODS_PODFILE_DIR_PATH}/Podfile.lock",
				"${PODS_ROOT}/Manifest.lock",
			);
			name = "[CP] Check Pods Manifest.lock";
			outputFileListPaths = (
			);
			outputPaths = (
				"$(DERIVED_FILE_DIR)/Pods-Demo-checkManifestLockResult.txt",
			);
			runOnlyForDeploymentPostprocessing = 0;
			shellPath = /bin/sh;
			shellScript = "diff \"${PODS_PODFILE_DIR_PATH}/Podfile.lock\" \"${PODS_ROOT}/Manifest.lock\" > /dev/null\nif [ $? != 0 ] ; then\n    # print error to STDERR\n    echo \"error: The sandbox is not in sync with the Podfile.lock. Run 'pod install' or update your CocoaPods installation.\" >&2\n    exit 1\nfi\n# This output is used by Xcode 'outputs' to avoid re-running this script phase.\necho \"SUCCESS\" > \"${SCRIPT_OUTPUT_FILE_0}\"\n";
			showEnvVarsInLog = 0;
		};
		CF6D04FA3060C45B69C2AEEC /* [CP] Embed Pods Frameworks */ = {
			isa = PBXShellScriptBuildPhase;
			buildActionMask = 2147483647;
			files = (
			);
			inputFileListPaths = (
				"${PODS_ROOT}/Target Support Files/Pods-Demo/Pods-Demo-frameworks-${CONFIGURATION}-input-files.xcfilelist",
			);
			name = "[CP] Embed Pods Frameworks";
			outputFileListPaths = (
				"${PODS_ROOT}/Target Support Files/Pods-Demo/Pods-Demo-frameworks-${CONFIGURATION}-output-files.xcfilelist",
			);
			runOnlyForDeploymentPostprocessing = 0;
			shellPath = /bin/sh;
			shellScript = "\"${PODS_ROOT}/Target Support Files/Pods-Demo/Pods-Demo-frameworks.sh\"\n";
			showEnvVarsInLog = 0;
		};
/* End PBXShellScriptBuildPhase section */

/* Begin PBXSourcesBuildPhase section */
		9B7B2B0A2513331F000913D7 /* Sources */ = {
			isa = PBXSourcesBuildPhase;
			buildActionMask = 2147483647;
			files = (
				9B7B2B30251361AB000913D7 /* VerticalHorizontalViewController.swift in Sources */,
				9B7B2B162513331F000913D7 /* HorizontalViewController.swift in Sources */,
				9BF8CF762514A183005D22E7 /* AlignmentViewController.swift in Sources */,
				9BF8CF782514A733005D22E7 /* VideoPlayerView.swift in Sources */,
				9BF8CF7225149CE6005D22E7 /* SpacingViewController.swift in Sources */,
				9B7B2B122513331F000913D7 /* AppDelegate.swift in Sources */,
				9BF8CF742514A12E005D22E7 /* ComplexViewController.swift in Sources */,
				9B7B2B2825133CB1000913D7 /* VerticalViewController.swift in Sources */,
				9B7B2B2A25135ED0000913D7 /* HorizontalFixedViewController.swift in Sources */,
				9B7B2B2E2513619D000913D7 /* HorizontalVerticalViewController.swift in Sources */,
				9B7B2B2C25135EF1000913D7 /* VerticalFixedViewController.swift in Sources */,
			);
			runOnlyForDeploymentPostprocessing = 0;
		};
/* End PBXSourcesBuildPhase section */

/* Begin PBXVariantGroup section */
		9B7B2B172513331F000913D7 /* Main.storyboard */ = {
			isa = PBXVariantGroup;
			children = (
				9B7B2B182513331F000913D7 /* Base */,
			);
			name = Main.storyboard;
			sourceTree = "<group>";
		};
		9B7B2B1C25133320000913D7 /* LaunchScreen.storyboard */ = {
			isa = PBXVariantGroup;
			children = (
				9B7B2B1D25133320000913D7 /* Base */,
			);
			name = LaunchScreen.storyboard;
			sourceTree = "<group>";
		};
/* End PBXVariantGroup section */

/* Begin XCBuildConfiguration section */
		9B7B2B2025133320000913D7 /* Debug */ = {
			isa = XCBuildConfiguration;
			buildSettings = {
				ALWAYS_SEARCH_USER_PATHS = NO;
				CLANG_ANALYZER_NONNULL = YES;
				CLANG_ANALYZER_NUMBER_OBJECT_CONVERSION = YES_AGGRESSIVE;
				CLANG_CXX_LANGUAGE_STANDARD = "gnu++14";
				CLANG_CXX_LIBRARY = "libc++";
				CLANG_ENABLE_MODULES = YES;
				CLANG_ENABLE_OBJC_ARC = YES;
				CLANG_ENABLE_OBJC_WEAK = YES;
				CLANG_WARN_BLOCK_CAPTURE_AUTORELEASING = YES;
				CLANG_WARN_BOOL_CONVERSION = YES;
				CLANG_WARN_COMMA = YES;
				CLANG_WARN_CONSTANT_CONVERSION = YES;
				CLANG_WARN_DEPRECATED_OBJC_IMPLEMENTATIONS = YES;
				CLANG_WARN_DIRECT_OBJC_ISA_USAGE = YES_ERROR;
				CLANG_WARN_DOCUMENTATION_COMMENTS = YES;
				CLANG_WARN_EMPTY_BODY = YES;
				CLANG_WARN_ENUM_CONVERSION = YES;
				CLANG_WARN_INFINITE_RECURSION = YES;
				CLANG_WARN_INT_CONVERSION = YES;
				CLANG_WARN_NON_LITERAL_NULL_CONVERSION = YES;
				CLANG_WARN_OBJC_IMPLICIT_RETAIN_SELF = YES;
				CLANG_WARN_OBJC_LITERAL_CONVERSION = YES;
				CLANG_WARN_OBJC_ROOT_CLASS = YES_ERROR;
				CLANG_WARN_RANGE_LOOP_ANALYSIS = YES;
				CLANG_WARN_STRICT_PROTOTYPES = YES;
				CLANG_WARN_SUSPICIOUS_MOVE = YES;
				CLANG_WARN_UNGUARDED_AVAILABILITY = YES_AGGRESSIVE;
				CLANG_WARN_UNREACHABLE_CODE = YES;
				CLANG_WARN__DUPLICATE_METHOD_MATCH = YES;
				COPY_PHASE_STRIP = NO;
				DEBUG_INFORMATION_FORMAT = dwarf;
				ENABLE_STRICT_OBJC_MSGSEND = YES;
				ENABLE_TESTABILITY = YES;
				GCC_C_LANGUAGE_STANDARD = gnu11;
				GCC_DYNAMIC_NO_PIC = NO;
				GCC_NO_COMMON_BLOCKS = YES;
				GCC_OPTIMIZATION_LEVEL = 0;
				GCC_PREPROCESSOR_DEFINITIONS = (
					"DEBUG=1",
					"$(inherited)",
				);
				GCC_WARN_64_TO_32_BIT_CONVERSION = YES;
				GCC_WARN_ABOUT_RETURN_TYPE = YES_ERROR;
				GCC_WARN_UNDECLARED_SELECTOR = YES;
				GCC_WARN_UNINITIALIZED_AUTOS = YES_AGGRESSIVE;
				GCC_WARN_UNUSED_FUNCTION = YES;
				GCC_WARN_UNUSED_VARIABLE = YES;
				IPHONEOS_DEPLOYMENT_TARGET = 11.0;
				MTL_ENABLE_DEBUG_INFO = INCLUDE_SOURCE;
				MTL_FAST_MATH = YES;
				ONLY_ACTIVE_ARCH = YES;
				SDKROOT = iphoneos;
				SWIFT_ACTIVE_COMPILATION_CONDITIONS = DEBUG;
				SWIFT_OPTIMIZATION_LEVEL = "-Onone";
			};
			name = Debug;
		};
		9B7B2B2125133320000913D7 /* Release */ = {
			isa = XCBuildConfiguration;
			buildSettings = {
				ALWAYS_SEARCH_USER_PATHS = NO;
				CLANG_ANALYZER_NONNULL = YES;
				CLANG_ANALYZER_NUMBER_OBJECT_CONVERSION = YES_AGGRESSIVE;
				CLANG_CXX_LANGUAGE_STANDARD = "gnu++14";
				CLANG_CXX_LIBRARY = "libc++";
				CLANG_ENABLE_MODULES = YES;
				CLANG_ENABLE_OBJC_ARC = YES;
				CLANG_ENABLE_OBJC_WEAK = YES;
				CLANG_WARN_BLOCK_CAPTURE_AUTORELEASING = YES;
				CLANG_WARN_BOOL_CONVERSION = YES;
				CLANG_WARN_COMMA = YES;
				CLANG_WARN_CONSTANT_CONVERSION = YES;
				CLANG_WARN_DEPRECATED_OBJC_IMPLEMENTATIONS = YES;
				CLANG_WARN_DIRECT_OBJC_ISA_USAGE = YES_ERROR;
				CLANG_WARN_DOCUMENTATION_COMMENTS = YES;
				CLANG_WARN_EMPTY_BODY = YES;
				CLANG_WARN_ENUM_CONVERSION = YES;
				CLANG_WARN_INFINITE_RECURSION = YES;
				CLANG_WARN_INT_CONVERSION = YES;
				CLANG_WARN_NON_LITERAL_NULL_CONVERSION = YES;
				CLANG_WARN_OBJC_IMPLICIT_RETAIN_SELF = YES;
				CLANG_WARN_OBJC_LITERAL_CONVERSION = YES;
				CLANG_WARN_OBJC_ROOT_CLASS = YES_ERROR;
				CLANG_WARN_RANGE_LOOP_ANALYSIS = YES;
				CLANG_WARN_STRICT_PROTOTYPES = YES;
				CLANG_WARN_SUSPICIOUS_MOVE = YES;
				CLANG_WARN_UNGUARDED_AVAILABILITY = YES_AGGRESSIVE;
				CLANG_WARN_UNREACHABLE_CODE = YES;
				CLANG_WARN__DUPLICATE_METHOD_MATCH = YES;
				COPY_PHASE_STRIP = NO;
				DEBUG_INFORMATION_FORMAT = "dwarf-with-dsym";
				ENABLE_NS_ASSERTIONS = NO;
				ENABLE_STRICT_OBJC_MSGSEND = YES;
				GCC_C_LANGUAGE_STANDARD = gnu11;
				GCC_NO_COMMON_BLOCKS = YES;
				GCC_WARN_64_TO_32_BIT_CONVERSION = YES;
				GCC_WARN_ABOUT_RETURN_TYPE = YES_ERROR;
				GCC_WARN_UNDECLARED_SELECTOR = YES;
				GCC_WARN_UNINITIALIZED_AUTOS = YES_AGGRESSIVE;
				GCC_WARN_UNUSED_FUNCTION = YES;
				GCC_WARN_UNUSED_VARIABLE = YES;
				IPHONEOS_DEPLOYMENT_TARGET = 11.0;
				MTL_ENABLE_DEBUG_INFO = NO;
				MTL_FAST_MATH = YES;
				SDKROOT = iphoneos;
				SWIFT_COMPILATION_MODE = wholemodule;
				SWIFT_OPTIMIZATION_LEVEL = "-O";
				VALIDATE_PRODUCT = YES;
			};
			name = Release;
		};
		9B7B2B2325133320000913D7 /* Debug */ = {
			isa = XCBuildConfiguration;
			baseConfigurationReference = 3DDB2772E10CBB105F694C0B /* Pods-Demo.debug.xcconfig */;
			buildSettings = {
				ASSETCATALOG_COMPILER_APPICON_NAME = AppIcon;
				CODE_SIGN_STYLE = Automatic;
				DEVELOPMENT_TEAM = B9D8DJR5J5;
				INFOPLIST_FILE = Demo/Info.plist;
				IPHONEOS_DEPLOYMENT_TARGET = 11.0;
				LD_RUNPATH_SEARCH_PATHS = (
					"$(inherited)",
					"@executable_path/Frameworks",
				);
				PRODUCT_BUNDLE_IDENTIFIER = com.lee.linear.view.demo;
				PRODUCT_NAME = "$(TARGET_NAME)";
				SWIFT_VERSION = 5.0;
				TARGETED_DEVICE_FAMILY = "1,2";
			};
			name = Debug;
		};
		9B7B2B2425133320000913D7 /* Release */ = {
			isa = XCBuildConfiguration;
			baseConfigurationReference = 3687EE6E5766A7E46AC35D78 /* Pods-Demo.release.xcconfig */;
			buildSettings = {
				ASSETCATALOG_COMPILER_APPICON_NAME = AppIcon;
				CODE_SIGN_STYLE = Automatic;
				DEVELOPMENT_TEAM = B9D8DJR5J5;
				INFOPLIST_FILE = Demo/Info.plist;
				IPHONEOS_DEPLOYMENT_TARGET = 11.0;
				LD_RUNPATH_SEARCH_PATHS = (
					"$(inherited)",
					"@executable_path/Frameworks",
				);
				PRODUCT_BUNDLE_IDENTIFIER = com.lee.linear.view.demo;
				PRODUCT_NAME = "$(TARGET_NAME)";
				SWIFT_VERSION = 5.0;
				TARGETED_DEVICE_FAMILY = "1,2";
			};
			name = Release;
		};
/* End XCBuildConfiguration section */

/* Begin XCConfigurationList section */
		9B7B2B092513331F000913D7 /* Build configuration list for PBXProject "Demo" */ = {
			isa = XCConfigurationList;
			buildConfigurations = (
				9B7B2B2025133320000913D7 /* Debug */,
				9B7B2B2125133320000913D7 /* Release */,
			);
			defaultConfigurationIsVisible = 0;
			defaultConfigurationName = Release;
		};
		9B7B2B2225133320000913D7 /* Build configuration list for PBXNativeTarget "Demo" */ = {
			isa = XCConfigurationList;
			buildConfigurations = (
				9B7B2B2325133320000913D7 /* Debug */,
				9B7B2B2425133320000913D7 /* Release */,
			);
			defaultConfigurationIsVisible = 0;
			defaultConfigurationName = Release;
		};
/* End XCConfigurationList section */
	};
	rootObject = 9B7B2B062513331F000913D7 /* Project object */;
}
